// !$*UTF8*$!
{
	archiveVersion = 1;
	classes = {
	};
	objectVersion = 50;
	objects = {

/* Begin PBXBuildFile section */
		761AB74423D724FF007DD3FF /* WKWebViewCustom.h in Headers */ = {isa = PBXBuildFile; fileRef = 761AB74223D724FF007DD3FF /* WKWebViewCustom.h */; };
		761AB74523D724FF007DD3FF /* WKWebViewCustom.m in Sources */ = {isa = PBXBuildFile; fileRef = 761AB74323D724FF007DD3FF /* WKWebViewCustom.m */; };
		761DA42023DB03D800E0D90C /* Cocoa.framework in Frameworks */ = {isa = PBXBuildFile; fileRef = 761DA41F23DB03D800E0D90C /* Cocoa.framework */; };
		76A5F89023C3334900197419 /* SlidesView.h in Headers */ = {isa = PBXBuildFile; fileRef = 76A5F88F23C3334900197419 /* SlidesView.h */; };
		76A5F89223C3334900197419 /* SlidesView.m in Sources */ = {isa = PBXBuildFile; fileRef = 76A5F89123C3334900197419 /* SlidesView.m */; };
/* End PBXBuildFile section */

/* Begin PBXFileReference section */
		761AB74223D724FF007DD3FF /* WKWebViewCustom.h */ = {isa = PBXFileReference; lastKnownFileType = sourcecode.c.h; path = WKWebViewCustom.h; sourceTree = "<group>"; };
		761AB74323D724FF007DD3FF /* WKWebViewCustom.m */ = {isa = PBXFileReference; lastKnownFileType = sourcecode.c.objc; path = WKWebViewCustom.m; sourceTree = "<group>"; };
		761DA41D23DB00CC00E0D90C /* ScreenSaver.framework */ = {isa = PBXFileReference; lastKnownFileType = wrapper.framework; name = ScreenSaver.framework; path = System/Library/Frameworks/ScreenSaver.framework; sourceTree = SDKROOT; };
		761DA41F23DB03D800E0D90C /* Cocoa.framework */ = {isa = PBXFileReference; lastKnownFileType = wrapper.framework; name = Cocoa.framework; path = System/Library/Frameworks/Cocoa.framework; sourceTree = SDKROOT; };
		76A5F88C23C3334900197419 /* People.ai.saver */ = {isa = PBXFileReference; explicitFileType = wrapper.cfbundle; includeInIndex = 0; path = People.ai.saver; sourceTree = BUILT_PRODUCTS_DIR; };
		76A5F88F23C3334900197419 /* SlidesView.h */ = {isa = PBXFileReference; lastKnownFileType = sourcecode.c.h; path = SlidesView.h; sourceTree = "<group>"; };
		76A5F89123C3334900197419 /* SlidesView.m */ = {isa = PBXFileReference; lastKnownFileType = sourcecode.c.objc; path = SlidesView.m; sourceTree = "<group>"; };
		76A5F89323C3334900197419 /* Info.plist */ = {isa = PBXFileReference; lastKnownFileType = text.plist.xml; path = Info.plist; sourceTree = "<group>"; };
/* End PBXFileReference section */

/* Begin PBXFrameworksBuildPhase section */
		76A5F88923C3334900197419 /* Frameworks */ = {
			isa = PBXFrameworksBuildPhase;
			buildActionMask = 2147483647;
			files = (
				761DA42023DB03D800E0D90C /* Cocoa.framework in Frameworks */,
			);
			runOnlyForDeploymentPostprocessing = 0;
		};
/* End PBXFrameworksBuildPhase section */

/* Begin PBXGroup section */
		761AB74123D724C1007DD3FF /* Categories */ = {
			isa = PBXGroup;
			children = (
				761AB74223D724FF007DD3FF /* WKWebViewCustom.h */,
				761AB74323D724FF007DD3FF /* WKWebViewCustom.m */,
			);
			path = Categories;
			sourceTree = "<group>";
		};
		761DA41C23DB00CB00E0D90C /* Frameworks */ = {
			isa = PBXGroup;
			children = (
				761DA41F23DB03D800E0D90C /* Cocoa.framework */,
				761DA41D23DB00CC00E0D90C /* ScreenSaver.framework */,
			);
			name = Frameworks;
			sourceTree = "<group>";
		};
		76A5F88223C3334900197419 = {
			isa = PBXGroup;
			children = (
				76A5F88E23C3334900197419 /* Slides */,
				76A5F88D23C3334900197419 /* Products */,
				761DA41C23DB00CB00E0D90C /* Frameworks */,
			);
			sourceTree = "<group>";
		};
		76A5F88D23C3334900197419 /* Products */ = {
			isa = PBXGroup;
			children = (
				76A5F88C23C3334900197419 /* People.ai.saver */,
			);
			name = Products;
			sourceTree = "<group>";
		};
		76A5F88E23C3334900197419 /* Slides */ = {
			isa = PBXGroup;
			children = (
				761AB74123D724C1007DD3FF /* Categories */,
				76A5F88F23C3334900197419 /* SlidesView.h */,
				76A5F89123C3334900197419 /* SlidesView.m */,
				76A5F89323C3334900197419 /* Info.plist */,
			);
			path = Slides;
			sourceTree = "<group>";
		};
/* End PBXGroup section */

/* Begin PBXHeadersBuildPhase section */
		76A5F88723C3334900197419 /* Headers */ = {
			isa = PBXHeadersBuildPhase;
			buildActionMask = 2147483647;
			files = (
				76A5F89023C3334900197419 /* SlidesView.h in Headers */,
				761AB74423D724FF007DD3FF /* WKWebViewCustom.h in Headers */,
			);
			runOnlyForDeploymentPostprocessing = 0;
		};
/* End PBXHeadersBuildPhase section */

/* Begin PBXNativeTarget section */
		76A5F88B23C3334900197419 /* People.ai */ = {
			isa = PBXNativeTarget;
			buildConfigurationList = 76A5F89623C3334900197419 /* Build configuration list for PBXNativeTarget "People.ai" */;
			buildPhases = (
				76A5F88723C3334900197419 /* Headers */,
				76A5F88823C3334900197419 /* Sources */,
				76A5F88923C3334900197419 /* Frameworks */,
				76A5F88A23C3334900197419 /* Resources */,
			);
			buildRules = (
			);
			dependencies = (
			);
			name = People.ai;
			productName = Slides;
			productReference = 76A5F88C23C3334900197419 /* People.ai.saver */;
			productType = "com.apple.product-type.bundle";
		};
/* End PBXNativeTarget section */

/* Begin PBXProject section */
		76A5F88323C3334900197419 /* Project object */ = {
			isa = PBXProject;
			attributes = {
				LastUpgradeCheck = 1120;
				ORGANIZATIONNAME = oles;
				TargetAttributes = {
					76A5F88B23C3334900197419 = {
						CreatedOnToolsVersion = 11.2.1;
					};
				};
			};
			buildConfigurationList = 76A5F88623C3334900197419 /* Build configuration list for PBXProject "Slides" */;
			compatibilityVersion = "Xcode 9.3";
			developmentRegion = en;
			hasScannedForEncodings = 0;
			knownRegions = (
				en,
				Base,
			);
			mainGroup = 76A5F88223C3334900197419;
			productRefGroup = 76A5F88D23C3334900197419 /* Products */;
			projectDirPath = "";
			projectRoot = "";
			targets = (
				76A5F88B23C3334900197419 /* People.ai */,
			);
		};
/* End PBXProject section */

/* Begin PBXResourcesBuildPhase section */
		76A5F88A23C3334900197419 /* Resources */ = {
			isa = PBXResourcesBuildPhase;
			buildActionMask = 2147483647;
			files = (
			);
			runOnlyForDeploymentPostprocessing = 0;
		};
/* End PBXResourcesBuildPhase section */

/* Begin PBXSourcesBuildPhase section */
		76A5F88823C3334900197419 /* Sources */ = {
			isa = PBXSourcesBuildPhase;
			buildActionMask = 2147483647;
			files = (
				761AB74523D724FF007DD3FF /* WKWebViewCustom.m in Sources */,
				76A5F89223C3334900197419 /* SlidesView.m in Sources */,
			);
			runOnlyForDeploymentPostprocessing = 0;
		};
/* End PBXSourcesBuildPhase section */

/* Begin XCBuildConfiguration section */
		76A5F89423C3334900197419 /* Debug */ = {
			isa = XCBuildConfiguration;
			buildSettings = {
				ALWAYS_SEARCH_USER_PATHS = NO;
				CLANG_ANALYZER_NONNULL = YES;
				CLANG_ANALYZER_NUMBER_OBJECT_CONVERSION = YES_AGGRESSIVE;
				CLANG_CXX_LANGUAGE_STANDARD = "gnu++14";
				CLANG_CXX_LIBRARY = "libc++";
				CLANG_ENABLE_MODULES = YES;
				CLANG_ENABLE_OBJC_ARC = YES;
				CLANG_ENABLE_OBJC_WEAK = YES;
				CLANG_WARN_BLOCK_CAPTURE_AUTORELEASING = YES;
				CLANG_WARN_BOOL_CONVERSION = YES;
				CLANG_WARN_COMMA = YES;
				CLANG_WARN_CONSTANT_CONVERSION = YES;
				CLANG_WARN_DEPRECATED_OBJC_IMPLEMENTATIONS = YES;
				CLANG_WARN_DIRECT_OBJC_ISA_USAGE = YES_ERROR;
				CLANG_WARN_DOCUMENTATION_COMMENTS = YES;
				CLANG_WARN_EMPTY_BODY = YES;
				CLANG_WARN_ENUM_CONVERSION = YES;
				CLANG_WARN_INFINITE_RECURSION = YES;
				CLANG_WARN_INT_CONVERSION = YES;
				CLANG_WARN_NON_LITERAL_NULL_CONVERSION = YES;
				CLANG_WARN_OBJC_IMPLICIT_RETAIN_SELF = YES;
				CLANG_WARN_OBJC_LITERAL_CONVERSION = YES;
				CLANG_WARN_OBJC_ROOT_CLASS = YES_ERROR;
				CLANG_WARN_RANGE_LOOP_ANALYSIS = YES;
				CLANG_WARN_STRICT_PROTOTYPES = YES;
				CLANG_WARN_SUSPICIOUS_MOVE = YES;
				CLANG_WARN_UNGUARDED_AVAILABILITY = YES_AGGRESSIVE;
				CLANG_WARN_UNREACHABLE_CODE = YES;
				CLANG_WARN__DUPLICATE_METHOD_MATCH = YES;
				COPY_PHASE_STRIP = NO;
				DEBUG_INFORMATION_FORMAT = dwarf;
				ENABLE_STRICT_OBJC_MSGSEND = YES;
				ENABLE_TESTABILITY = YES;
				GCC_C_LANGUAGE_STANDARD = gnu11;
				GCC_DYNAMIC_NO_PIC = NO;
				GCC_NO_COMMON_BLOCKS = YES;
				GCC_OPTIMIZATION_LEVEL = 0;
				GCC_PREPROCESSOR_DEFINITIONS = (
					"DEBUG=1",
					"$(inherited)",
				);
				GCC_WARN_64_TO_32_BIT_CONVERSION = YES;
				GCC_WARN_ABOUT_RETURN_TYPE = YES_ERROR;
				GCC_WARN_UNDECLARED_SELECTOR = YES;
				GCC_WARN_UNINITIALIZED_AUTOS = YES_AGGRESSIVE;
				GCC_WARN_UNUSED_FUNCTION = YES;
				GCC_WARN_UNUSED_VARIABLE = YES;
				MACOSX_DEPLOYMENT_TARGET = 10.12;
				MTL_ENABLE_DEBUG_INFO = INCLUDE_SOURCE;
				MTL_FAST_MATH = YES;
				ONLY_ACTIVE_ARCH = YES;
				SDKROOT = macosx;
			};
			name = Debug;
		};
		76A5F89523C3334900197419 /* Release */ = {
			isa = XCBuildConfiguration;
			buildSettings = {
				ALWAYS_SEARCH_USER_PATHS = NO;
				CLANG_ANALYZER_NONNULL = YES;
				CLANG_ANALYZER_NUMBER_OBJECT_CONVERSION = YES_AGGRESSIVE;
				CLANG_CXX_LANGUAGE_STANDARD = "gnu++14";
				CLANG_CXX_LIBRARY = "libc++";
				CLANG_ENABLE_MODULES = YES;
				CLANG_ENABLE_OBJC_ARC = YES;
				CLANG_ENABLE_OBJC_WEAK = YES;
				CLANG_WARN_BLOCK_CAPTURE_AUTORELEASING = YES;
				CLANG_WARN_BOOL_CONVERSION = YES;
				CLANG_WARN_COMMA = YES;
				CLANG_WARN_CONSTANT_CONVERSION = YES;
				CLANG_WARN_DEPRECATED_OBJC_IMPLEMENTATIONS = YES;
				CLANG_WARN_DIRECT_OBJC_ISA_USAGE = YES_ERROR;
				CLANG_WARN_DOCUMENTATION_COMMENTS = YES;
				CLANG_WARN_EMPTY_BODY = YES;
				CLANG_WARN_ENUM_CONVERSION = YES;
				CLANG_WARN_INFINITE_RECURSION = YES;
				CLANG_WARN_INT_CONVERSION = YES;
				CLANG_WARN_NON_LITERAL_NULL_CONVERSION = YES;
				CLANG_WARN_OBJC_IMPLICIT_RETAIN_SELF = YES;
				CLANG_WARN_OBJC_LITERAL_CONVERSION = YES;
				CLANG_WARN_OBJC_ROOT_CLASS = YES_ERROR;
				CLANG_WARN_RANGE_LOOP_ANALYSIS = YES;
				CLANG_WARN_STRICT_PROTOTYPES = YES;
				CLANG_WARN_SUSPICIOUS_MOVE = YES;
				CLANG_WARN_UNGUARDED_AVAILABILITY = YES_AGGRESSIVE;
				CLANG_WARN_UNREACHABLE_CODE = YES;
				CLANG_WARN__DUPLICATE_METHOD_MATCH = YES;
				COPY_PHASE_STRIP = NO;
				DEBUG_INFORMATION_FORMAT = "dwarf-with-dsym";
				ENABLE_NS_ASSERTIONS = NO;
				ENABLE_STRICT_OBJC_MSGSEND = YES;
				GCC_C_LANGUAGE_STANDARD = gnu11;
				GCC_NO_COMMON_BLOCKS = YES;
				GCC_WARN_64_TO_32_BIT_CONVERSION = YES;
				GCC_WARN_ABOUT_RETURN_TYPE = YES_ERROR;
				GCC_WARN_UNDECLARED_SELECTOR = YES;
				GCC_WARN_UNINITIALIZED_AUTOS = YES_AGGRESSIVE;
				GCC_WARN_UNUSED_FUNCTION = YES;
				GCC_WARN_UNUSED_VARIABLE = YES;
				MACOSX_DEPLOYMENT_TARGET = 10.12;
				MTL_ENABLE_DEBUG_INFO = NO;
				MTL_FAST_MATH = YES;
				SDKROOT = macosx;
			};
			name = Release;
		};
		76A5F89723C3334900197419 /* Debug */ = {
			isa = XCBuildConfiguration;
			buildSettings = {
				CODE_SIGN_IDENTITY = "Developer ID Application";
				CODE_SIGN_STYLE = Manual;
				COMBINE_HIDPI_IMAGES = YES;
				DEVELOPMENT_TEAM = B865KYJU5B;
				INFOPLIST_FILE = Slides/Info.plist;
				INSTALL_PATH = "$(HOME)/Library/Screen Savers";
				MACOSX_DEPLOYMENT_TARGET = 10.14;
				PRODUCT_BUNDLE_IDENTIFIER = ai.people.screensaver;
				PRODUCT_NAME = "$(TARGET_NAME)";
				PROVISIONING_PROFILE_SPECIFIER = "";
				WRAPPER_EXTENSION = saver;
			};
			name = Debug;
		};
		76A5F89823C3334900197419 /* Release */ = {
			isa = XCBuildConfiguration;
			buildSettings = {
				CODE_SIGN_IDENTITY = "Developer ID Application";
				CODE_SIGN_STYLE = Manual;
				COMBINE_HIDPI_IMAGES = YES;
				DEVELOPMENT_TEAM = B865KYJU5B;
				INFOPLIST_FILE = Slides/Info.plist;
				INSTALL_PATH = "$(HOME)/Library/Screen Savers";
				MACOSX_DEPLOYMENT_TARGET = 10.14;
				PRODUCT_BUNDLE_IDENTIFIER = ai.people.screensaver;
				PRODUCT_NAME = "$(TARGET_NAME)";
				PROVISIONING_PROFILE_SPECIFIER = "";
				WRAPPER_EXTENSION = saver;
			};
			name = Release;
		};
/* End XCBuildConfiguration section */

/* Begin XCConfigurationList section */
		76A5F88623C3334900197419 /* Build configuration list for PBXProject "Slides" */ = {
			isa = XCConfigurationList;
			buildConfigurations = (
				76A5F89423C3334900197419 /* Debug */,
				76A5F89523C3334900197419 /* Release */,
			);
			defaultConfigurationIsVisible = 0;
			defaultConfigurationName = Release;
		};
		76A5F89623C3334900197419 /* Build configuration list for PBXNativeTarget "People.ai" */ = {
			isa = XCConfigurationList;
			buildConfigurations = (
				76A5F89723C3334900197419 /* Debug */,
				76A5F89823C3334900197419 /* Release */,
			);
			defaultConfigurationIsVisible = 0;
			defaultConfigurationName = Release;
		};
/* End XCConfigurationList section */
	};
	rootObject = 76A5F88323C3334900197419 /* Project object */;
}
